// !$*UTF8*$!
{
	archiveVersion = 1;
	classes = {
	};
	objectVersion = 50;
	objects = {

/* Begin PBXBuildFile section */
		370C2A3C24A23D3F009AC863 /* AppDelegate.swift in Sources */ = {isa = PBXBuildFile; fileRef = 370C2A3B24A23D3F009AC863 /* AppDelegate.swift */; };
		370C2A3E24A23D3F009AC863 /* SceneDelegate.swift in Sources */ = {isa = PBXBuildFile; fileRef = 370C2A3D24A23D3F009AC863 /* SceneDelegate.swift */; };
		370C2A4024A23D3F009AC863 /* ViewController.swift in Sources */ = {isa = PBXBuildFile; fileRef = 370C2A3F24A23D3F009AC863 /* ViewController.swift */; };
		370C2A4324A23D3F009AC863 /* Main.storyboard in Resources */ = {isa = PBXBuildFile; fileRef = 370C2A4124A23D3F009AC863 /* Main.storyboard */; };
		370C2A4524A23D3F009AC863 /* Assets.xcassets in Resources */ = {isa = PBXBuildFile; fileRef = 370C2A4424A23D3F009AC863 /* Assets.xcassets */; };
		370C2A4824A23D3F009AC863 /* LaunchScreen.storyboard in Resources */ = {isa = PBXBuildFile; fileRef = 370C2A4624A23D3F009AC863 /* LaunchScreen.storyboard */; };
		370C2A5324A23D40009AC863 /* CollectionViewsTests.swift in Sources */ = {isa = PBXBuildFile; fileRef = 370C2A5224A23D40009AC863 /* CollectionViewsTests.swift */; };
		370C2A5E24A23D40009AC863 /* CollectionViewsUITests.swift in Sources */ = {isa = PBXBuildFile; fileRef = 370C2A5D24A23D40009AC863 /* CollectionViewsUITests.swift */; };
/* End PBXBuildFile section */

/* Begin PBXContainerItemProxy section */
		370C2A4F24A23D40009AC863 /* PBXContainerItemProxy */ = {
			isa = PBXContainerItemProxy;
			containerPortal = 370C2A3024A23D3F009AC863 /* Project object */;
			proxyType = 1;
			remoteGlobalIDString = 370C2A3724A23D3F009AC863;
			remoteInfo = CollectionViews;
		};
		370C2A5A24A23D40009AC863 /* PBXContainerItemProxy */ = {
			isa = PBXContainerItemProxy;
			containerPortal = 370C2A3024A23D3F009AC863 /* Project object */;
			proxyType = 1;
			remoteGlobalIDString = 370C2A3724A23D3F009AC863;
			remoteInfo = CollectionViews;
		};
/* End PBXContainerItemProxy section */

/* Begin PBXFileReference section */
		370C2A3824A23D3F009AC863 /* CollectionViews.app */ = {isa = PBXFileReference; explicitFileType = wrapper.application; includeInIndex = 0; path = CollectionViews.app; sourceTree = BUILT_PRODUCTS_DIR; };
		370C2A3B24A23D3F009AC863 /* AppDelegate.swift */ = {isa = PBXFileReference; lastKnownFileType = sourcecode.swift; path = AppDelegate.swift; sourceTree = "<group>"; };
		370C2A3D24A23D3F009AC863 /* SceneDelegate.swift */ = {isa = PBXFileReference; lastKnownFileType = sourcecode.swift; path = SceneDelegate.swift; sourceTree = "<group>"; };
		370C2A3F24A23D3F009AC863 /* ViewController.swift */ = {isa = PBXFileReference; lastKnownFileType = sourcecode.swift; path = ViewController.swift; sourceTree = "<group>"; };
		370C2A4224A23D3F009AC863 /* Base */ = {isa = PBXFileReference; lastKnownFileType = file.storyboard; name = Base; path = Base.lproj/Main.storyboard; sourceTree = "<group>"; };
		370C2A4424A23D3F009AC863 /* Assets.xcassets */ = {isa = PBXFileReference; lastKnownFileType = folder.assetcatalog; path = Assets.xcassets; sourceTree = "<group>"; };
		370C2A4724A23D3F009AC863 /* Base */ = {isa = PBXFileReference; lastKnownFileType = file.storyboard; name = Base; path = Base.lproj/LaunchScreen.storyboard; sourceTree = "<group>"; };
		370C2A4924A23D3F009AC863 /* Info.plist */ = {isa = PBXFileReference; lastKnownFileType = text.plist.xml; path = Info.plist; sourceTree = "<group>"; };
		370C2A4E24A23D40009AC863 /* CollectionViewsTests.xctest */ = {isa = PBXFileReference; explicitFileType = wrapper.cfbundle; includeInIndex = 0; path = CollectionViewsTests.xctest; sourceTree = BUILT_PRODUCTS_DIR; };
		370C2A5224A23D40009AC863 /* CollectionViewsTests.swift */ = {isa = PBXFileReference; lastKnownFileType = sourcecode.swift; path = CollectionViewsTests.swift; sourceTree = "<group>"; };
		370C2A5424A23D40009AC863 /* Info.plist */ = {isa = PBXFileReference; lastKnownFileType = text.plist.xml; path = Info.plist; sourceTree = "<group>"; };
		370C2A5924A23D40009AC863 /* CollectionViewsUITests.xctest */ = {isa = PBXFileReference; explicitFileType = wrapper.cfbundle; includeInIndex = 0; path = CollectionViewsUITests.xctest; sourceTree = BUILT_PRODUCTS_DIR; };
		370C2A5D24A23D40009AC863 /* CollectionViewsUITests.swift */ = {isa = PBXFileReference; lastKnownFileType = sourcecode.swift; path = CollectionViewsUITests.swift; sourceTree = "<group>"; };
		370C2A5F24A23D40009AC863 /* Info.plist */ = {isa = PBXFileReference; lastKnownFileType = text.plist.xml; path = Info.plist; sourceTree = "<group>"; };
/* End PBXFileReference section */

/* Begin PBXFrameworksBuildPhase section */
		370C2A3524A23D3F009AC863 /* Frameworks */ = {
			isa = PBXFrameworksBuildPhase;
			buildActionMask = 2147483647;
			files = (
			);
			runOnlyForDeploymentPostprocessing = 0;
		};
		370C2A4B24A23D40009AC863 /* Frameworks */ = {
			isa = PBXFrameworksBuildPhase;
			buildActionMask = 2147483647;
			files = (
			);
			runOnlyForDeploymentPostprocessing = 0;
		};
		370C2A5624A23D40009AC863 /* Frameworks */ = {
			isa = PBXFrameworksBuildPhase;
			buildActionMask = 2147483647;
			files = (
			);
			runOnlyForDeploymentPostprocessing = 0;
		};
/* End PBXFrameworksBuildPhase section */

/* Begin PBXGroup section */
		370C2A2F24A23D3F009AC863 = {
			isa = PBXGroup;
			children = (
				370C2A3A24A23D3F009AC863 /* CollectionViews */,
				370C2A5124A23D40009AC863 /* CollectionViewsTests */,
				370C2A5C24A23D40009AC863 /* CollectionViewsUITests */,
				370C2A3924A23D3F009AC863 /* Products */,
			);
			sourceTree = "<group>";
		};
		370C2A3924A23D3F009AC863 /* Products */ = {
			isa = PBXGroup;
			children = (
				370C2A3824A23D3F009AC863 /* CollectionViews.app */,
				370C2A4E24A23D40009AC863 /* CollectionViewsTests.xctest */,
				370C2A5924A23D40009AC863 /* CollectionViewsUITests.xctest */,
			);
			name = Products;
			sourceTree = "<group>";
		};
		370C2A3A24A23D3F009AC863 /* CollectionViews */ = {
			isa = PBXGroup;
			children = (
				370C2A3B24A23D3F009AC863 /* AppDelegate.swift */,
				370C2A3D24A23D3F009AC863 /* SceneDelegate.swift */,
				370C2A3F24A23D3F009AC863 /* ViewController.swift */,
				370C2A4124A23D3F009AC863 /* Main.storyboard */,
				370C2A4424A23D3F009AC863 /* Assets.xcassets */,
				370C2A4624A23D3F009AC863 /* LaunchScreen.storyboard */,
				370C2A4924A23D3F009AC863 /* Info.plist */,
			);
			path = CollectionViews;
			sourceTree = "<group>";
		};
		370C2A5124A23D40009AC863 /* CollectionViewsTests */ = {
			isa = PBXGroup;
			children = (
				370C2A5224A23D40009AC863 /* CollectionViewsTests.swift */,
				370C2A5424A23D40009AC863 /* Info.plist */,
			);
			path = CollectionViewsTests;
			sourceTree = "<group>";
		};
		370C2A5C24A23D40009AC863 /* CollectionViewsUITests */ = {
			isa = PBXGroup;
			children = (
				370C2A5D24A23D40009AC863 /* CollectionViewsUITests.swift */,
				370C2A5F24A23D40009AC863 /* Info.plist */,
			);
			path = CollectionViewsUITests;
			sourceTree = "<group>";
		};
/* End PBXGroup section */

/* Begin PBXNativeTarget section */
		370C2A3724A23D3F009AC863 /* CollectionViews */ = {
			isa = PBXNativeTarget;
			buildConfigurationList = 370C2A6224A23D40009AC863 /* Build configuration list for PBXNativeTarget "CollectionViews" */;
			buildPhases = (
				370C2A3424A23D3F009AC863 /* Sources */,
				370C2A3524A23D3F009AC863 /* Frameworks */,
				370C2A3624A23D3F009AC863 /* Resources */,
			);
			buildRules = (
			);
			dependencies = (
			);
			name = CollectionViews;
			productName = CollectionViews;
			productReference = 370C2A3824A23D3F009AC863 /* CollectionViews.app */;
			productType = "com.apple.product-type.application";
		};
		370C2A4D24A23D40009AC863 /* CollectionViewsTests */ = {
			isa = PBXNativeTarget;
			buildConfigurationList = 370C2A6524A23D40009AC863 /* Build configuration list for PBXNativeTarget "CollectionViewsTests" */;
			buildPhases = (
				370C2A4A24A23D40009AC863 /* Sources */,
				370C2A4B24A23D40009AC863 /* Frameworks */,
				370C2A4C24A23D40009AC863 /* Resources */,
			);
			buildRules = (
			);
			dependencies = (
				370C2A5024A23D40009AC863 /* PBXTargetDependency */,
			);
			name = CollectionViewsTests;
			productName = CollectionViewsTests;
			productReference = 370C2A4E24A23D40009AC863 /* CollectionViewsTests.xctest */;
			productType = "com.apple.product-type.bundle.unit-test";
		};
		370C2A5824A23D40009AC863 /* CollectionViewsUITests */ = {
			isa = PBXNativeTarget;
			buildConfigurationList = 370C2A6824A23D40009AC863 /* Build configuration list for PBXNativeTarget "CollectionViewsUITests" */;
			buildPhases = (
				370C2A5524A23D40009AC863 /* Sources */,
				370C2A5624A23D40009AC863 /* Frameworks */,
				370C2A5724A23D40009AC863 /* Resources */,
			);
			buildRules = (
			);
			dependencies = (
				370C2A5B24A23D40009AC863 /* PBXTargetDependency */,
			);
			name = CollectionViewsUITests;
			productName = CollectionViewsUITests;
			productReference = 370C2A5924A23D40009AC863 /* CollectionViewsUITests.xctest */;
			productType = "com.apple.product-type.bundle.ui-testing";
		};
/* End PBXNativeTarget section */

/* Begin PBXProject section */
		370C2A3024A23D3F009AC863 /* Project object */ = {
			isa = PBXProject;
			attributes = {
				LastSwiftUpdateCheck = 1150;
				LastUpgradeCheck = 1150;
				ORGANIZATIONNAME = "Ezequiel Parada";
				TargetAttributes = {
					370C2A3724A23D3F009AC863 = {
						CreatedOnToolsVersion = 11.5;
					};
					370C2A4D24A23D40009AC863 = {
						CreatedOnToolsVersion = 11.5;
						TestTargetID = 370C2A3724A23D3F009AC863;
					};
					370C2A5824A23D40009AC863 = {
						CreatedOnToolsVersion = 11.5;
						TestTargetID = 370C2A3724A23D3F009AC863;
					};
				};
			};
			buildConfigurationList = 370C2A3324A23D3F009AC863 /* Build configuration list for PBXProject "CollectionViews" */;
			compatibilityVersion = "Xcode 9.3";
			developmentRegion = en;
			hasScannedForEncodings = 0;
			knownRegions = (
				en,
				Base,
			);
			mainGroup = 370C2A2F24A23D3F009AC863;
			productRefGroup = 370C2A3924A23D3F009AC863 /* Products */;
			projectDirPath = "";
			projectRoot = "";
			targets = (
				370C2A3724A23D3F009AC863 /* CollectionViews */,
				370C2A4D24A23D40009AC863 /* CollectionViewsTests */,
				370C2A5824A23D40009AC863 /* CollectionViewsUITests */,
			);
		};
/* End PBXProject section */

/* Begin PBXResourcesBuildPhase section */
		370C2A3624A23D3F009AC863 /* Resources */ = {
			isa = PBXResourcesBuildPhase;
			buildActionMask = 2147483647;
			files = (
				370C2A4824A23D3F009AC863 /* LaunchScreen.storyboard in Resources */,
				370C2A4524A23D3F009AC863 /* Assets.xcassets in Resources */,
				370C2A4324A23D3F009AC863 /* Main.storyboard in Resources */,
			);
			runOnlyForDeploymentPostprocessing = 0;
		};
		370C2A4C24A23D40009AC863 /* Resources */ = {
			isa = PBXResourcesBuildPhase;
			buildActionMask = 2147483647;
			files = (
			);
			runOnlyForDeploymentPostprocessing = 0;
		};
		370C2A5724A23D40009AC863 /* Resources */ = {
			isa = PBXResourcesBuildPhase;
			buildActionMask = 2147483647;
			files = (
			);
			runOnlyForDeploymentPostprocessing = 0;
		};
/* End PBXResourcesBuildPhase section */

/* Begin PBXSourcesBuildPhase section */
		370C2A3424A23D3F009AC863 /* Sources */ = {
			isa = PBXSourcesBuildPhase;
			buildActionMask = 2147483647;
			files = (
				370C2A4024A23D3F009AC863 /* ViewController.swift in Sources */,
				370C2A3C24A23D3F009AC863 /* AppDelegate.swift in Sources */,
				370C2A3E24A23D3F009AC863 /* SceneDelegate.swift in Sources */,
			);
			runOnlyForDeploymentPostprocessing = 0;
		};
		370C2A4A24A23D40009AC863 /* Sources */ = {
			isa = PBXSourcesBuildPhase;
			buildActionMask = 2147483647;
			files = (
				370C2A5324A23D40009AC863 /* CollectionViewsTests.swift in Sources */,
			);
			runOnlyForDeploymentPostprocessing = 0;
		};
		370C2A5524A23D40009AC863 /* Sources */ = {
			isa = PBXSourcesBuildPhase;
			buildActionMask = 2147483647;
			files = (
				370C2A5E24A23D40009AC863 /* CollectionViewsUITests.swift in Sources */,
			);
			runOnlyForDeploymentPostprocessing = 0;
		};
/* End PBXSourcesBuildPhase section */

/* Begin PBXTargetDependency section */
		370C2A5024A23D40009AC863 /* PBXTargetDependency */ = {
			isa = PBXTargetDependency;
			target = 370C2A3724A23D3F009AC863 /* CollectionViews */;
			targetProxy = 370C2A4F24A23D40009AC863 /* PBXContainerItemProxy */;
		};
		370C2A5B24A23D40009AC863 /* PBXTargetDependency */ = {
			isa = PBXTargetDependency;
			target = 370C2A3724A23D3F009AC863 /* CollectionViews */;
			targetProxy = 370C2A5A24A23D40009AC863 /* PBXContainerItemProxy */;
		};
/* End PBXTargetDependency section */

/* Begin PBXVariantGroup section */
		370C2A4124A23D3F009AC863 /* Main.storyboard */ = {
			isa = PBXVariantGroup;
			children = (
				370C2A4224A23D3F009AC863 /* Base */,
			);
			name = Main.storyboard;
			sourceTree = "<group>";
		};
		370C2A4624A23D3F009AC863 /* LaunchScreen.storyboard */ = {
			isa = PBXVariantGroup;
			children = (
				370C2A4724A23D3F009AC863 /* Base */,
			);
			name = LaunchScreen.storyboard;
			sourceTree = "<group>";
		};
/* End PBXVariantGroup section */

/* Begin XCBuildConfiguration section */
		370C2A6024A23D40009AC863 /* Debug */ = {
			isa = XCBuildConfiguration;
			buildSettings = {
				ALWAYS_SEARCH_USER_PATHS = NO;
				CLANG_ANALYZER_NONNULL = YES;
				CLANG_ANALYZER_NUMBER_OBJECT_CONVERSION = YES_AGGRESSIVE;
				CLANG_CXX_LANGUAGE_STANDARD = "gnu++14";
				CLANG_CXX_LIBRARY = "libc++";
				CLANG_ENABLE_MODULES = YES;
				CLANG_ENABLE_OBJC_ARC = YES;
				CLANG_ENABLE_OBJC_WEAK = YES;
				CLANG_WARN_BLOCK_CAPTURE_AUTORELEASING = YES;
				CLANG_WARN_BOOL_CONVERSION = YES;
				CLANG_WARN_COMMA = YES;
				CLANG_WARN_CONSTANT_CONVERSION = YES;
				CLANG_WARN_DEPRECATED_OBJC_IMPLEMENTATIONS = YES;
				CLANG_WARN_DIRECT_OBJC_ISA_USAGE = YES_ERROR;
				CLANG_WARN_DOCUMENTATION_COMMENTS = YES;
				CLANG_WARN_EMPTY_BODY = YES;
				CLANG_WARN_ENUM_CONVERSION = YES;
				CLANG_WARN_INFINITE_RECURSION = YES;
				CLANG_WARN_INT_CONVERSION = YES;
				CLANG_WARN_NON_LITERAL_NULL_CONVERSION = YES;
				CLANG_WARN_OBJC_IMPLICIT_RETAIN_SELF = YES;
				CLANG_WARN_OBJC_LITERAL_CONVERSION = YES;
				CLANG_WARN_OBJC_ROOT_CLASS = YES_ERROR;
				CLANG_WARN_RANGE_LOOP_ANALYSIS = YES;
				CLANG_WARN_STRICT_PROTOTYPES = YES;
				CLANG_WARN_SUSPICIOUS_MOVE = YES;
				CLANG_WARN_UNGUARDED_AVAILABILITY = YES_AGGRESSIVE;
				CLANG_WARN_UNREACHABLE_CODE = YES;
				CLANG_WARN__DUPLICATE_METHOD_MATCH = YES;
				COPY_PHASE_STRIP = NO;
				DEBUG_INFORMATION_FORMAT = dwarf;
				ENABLE_STRICT_OBJC_MSGSEND = YES;
				ENABLE_TESTABILITY = YES;
				GCC_C_LANGUAGE_STANDARD = gnu11;
				GCC_DYNAMIC_NO_PIC = NO;
				GCC_NO_COMMON_BLOCKS = YES;
				GCC_OPTIMIZATION_LEVEL = 0;
				GCC_PREPROCESSOR_DEFINITIONS = (
					"DEBUG=1",
					"$(inherited)",
				);
				GCC_WARN_64_TO_32_BIT_CONVERSION = YES;
				GCC_WARN_ABOUT_RETURN_TYPE = YES_ERROR;
				GCC_WARN_UNDECLARED_SELECTOR = YES;
				GCC_WARN_UNINITIALIZED_AUTOS = YES_AGGRESSIVE;
				GCC_WARN_UNUSED_FUNCTION = YES;
				GCC_WARN_UNUSED_VARIABLE = YES;
				IPHONEOS_DEPLOYMENT_TARGET = 13.5;
				MTL_ENABLE_DEBUG_INFO = INCLUDE_SOURCE;
				MTL_FAST_MATH = YES;
				ONLY_ACTIVE_ARCH = YES;
				SDKROOT = iphoneos;
				SWIFT_ACTIVE_COMPILATION_CONDITIONS = DEBUG;
				SWIFT_OPTIMIZATION_LEVEL = "-Onone";
			};
			name = Debug;
		};
		370C2A6124A23D40009AC863 /* Release */ = {
			isa = XCBuildConfiguration;
			buildSettings = {
				ALWAYS_SEARCH_USER_PATHS = NO;
				CLANG_ANALYZER_NONNULL = YES;
				CLANG_ANALYZER_NUMBER_OBJECT_CONVERSION = YES_AGGRESSIVE;
				CLANG_CXX_LANGUAGE_STANDARD = "gnu++14";
				CLANG_CXX_LIBRARY = "libc++";
				CLANG_ENABLE_MODULES = YES;
				CLANG_ENABLE_OBJC_ARC = YES;
				CLANG_ENABLE_OBJC_WEAK = YES;
				CLANG_WARN_BLOCK_CAPTURE_AUTORELEASING = YES;
				CLANG_WARN_BOOL_CONVERSION = YES;
				CLANG_WARN_COMMA = YES;
				CLANG_WARN_CONSTANT_CONVERSION = YES;
				CLANG_WARN_DEPRECATED_OBJC_IMPLEMENTATIONS = YES;
				CLANG_WARN_DIRECT_OBJC_ISA_USAGE = YES_ERROR;
				CLANG_WARN_DOCUMENTATION_COMMENTS = YES;
				CLANG_WARN_EMPTY_BODY = YES;
				CLANG_WARN_ENUM_CONVERSION = YES;
				CLANG_WARN_INFINITE_RECURSION = YES;
				CLANG_WARN_INT_CONVERSION = YES;
				CLANG_WARN_NON_LITERAL_NULL_CONVERSION = YES;
				CLANG_WARN_OBJC_IMPLICIT_RETAIN_SELF = YES;
				CLANG_WARN_OBJC_LITERAL_CONVERSION = YES;
				CLANG_WARN_OBJC_ROOT_CLASS = YES_ERROR;
				CLANG_WARN_RANGE_LOOP_ANALYSIS = YES;
				CLANG_WARN_STRICT_PROTOTYPES = YES;
				CLANG_WARN_SUSPICIOUS_MOVE = YES;
				CLANG_WARN_UNGUARDED_AVAILABILITY = YES_AGGRESSIVE;
				CLANG_WARN_UNREACHABLE_CODE = YES;
				CLANG_WARN__DUPLICATE_METHOD_MATCH = YES;
				COPY_PHASE_STRIP = NO;
				DEBUG_INFORMATION_FORMAT = "dwarf-with-dsym";
				ENABLE_NS_ASSERTIONS = NO;
				ENABLE_STRICT_OBJC_MSGSEND = YES;
				GCC_C_LANGUAGE_STANDARD = gnu11;
				GCC_NO_COMMON_BLOCKS = YES;
				GCC_WARN_64_TO_32_BIT_CONVERSION = YES;
				GCC_WARN_ABOUT_RETURN_TYPE = YES_ERROR;
				GCC_WARN_UNDECLARED_SELECTOR = YES;
				GCC_WARN_UNINITIALIZED_AUTOS = YES_AGGRESSIVE;
				GCC_WARN_UNUSED_FUNCTION = YES;
				GCC_WARN_UNUSED_VARIABLE = YES;
				IPHONEOS_DEPLOYMENT_TARGET = 13.5;
				MTL_ENABLE_DEBUG_INFO = NO;
				MTL_FAST_MATH = YES;
				SDKROOT = iphoneos;
				SWIFT_COMPILATION_MODE = wholemodule;
				SWIFT_OPTIMIZATION_LEVEL = "-O";
				VALIDATE_PRODUCT = YES;
			};
			name = Release;
		};
		370C2A6324A23D40009AC863 /* Debug */ = {
			isa = XCBuildConfiguration;
			buildSettings = {
				ASSETCATALOG_COMPILER_APPICON_NAME = AppIcon;
				CODE_SIGN_STYLE = Automatic;
				DEVELOPMENT_TEAM = 8PF4PD98CF;
				INFOPLIST_FILE = CollectionViews/Info.plist;
				IPHONEOS_DEPLOYMENT_TARGET = 13.0;
				LD_RUNPATH_SEARCH_PATHS = (
					"$(inherited)",
					"@executable_path/Frameworks",
				);
				PRODUCT_BUNDLE_IDENTIFIER = com.paradabeltran.CollectionViews;
				PRODUCT_NAME = "$(TARGET_NAME)";
				SWIFT_VERSION = 5.0;
				TARGETED_DEVICE_FAMILY = "1,2";
			};
			name = Debug;
		};
		370C2A6424A23D40009AC863 /* Release */ = {
			isa = XCBuildConfiguration;
			buildSettings = {
				ASSETCATALOG_COMPILER_APPICON_NAME = AppIcon;
				CODE_SIGN_STYLE = Automatic;
				DEVELOPMENT_TEAM = 8PF4PD98CF;
				INFOPLIST_FILE = CollectionViews/Info.plist;
				IPHONEOS_DEPLOYMENT_TARGET = 13.0;
				LD_RUNPATH_SEARCH_PATHS = (
					"$(inherited)",
					"@executable_path/Frameworks",
				);
				PRODUCT_BUNDLE_IDENTIFIER = com.paradabeltran.CollectionViews;
				PRODUCT_NAME = "$(TARGET_NAME)";
				SWIFT_VERSION = 5.0;
				TARGETED_DEVICE_FAMILY = "1,2";
			};
			name = Release;
		};
		370C2A6624A23D40009AC863 /* Debug */ = {
			isa = XCBuildConfiguration;
			buildSettings = {
				ALWAYS_EMBED_SWIFT_STANDARD_LIBRARIES = YES;
				BUNDLE_LOADER = "$(TEST_HOST)";
				CODE_SIGN_STYLE = Automatic;
				DEVELOPMENT_TEAM = 8PF4PD98CF;
				INFOPLIST_FILE = CollectionViewsTests/Info.plist;
				IPHONEOS_DEPLOYMENT_TARGET = 13.5;
				LD_RUNPATH_SEARCH_PATHS = (
					"$(inherited)",
					"@executable_path/Frameworks",
					"@loader_path/Frameworks",
				);
				PRODUCT_BUNDLE_IDENTIFIER = com.paradabeltran.CollectionViewsTests;
				PRODUCT_NAME = "$(TARGET_NAME)";
				SWIFT_VERSION = 5.0;
				TARGETED_DEVICE_FAMILY = "1,2";
				TEST_HOST = "$(BUILT_PRODUCTS_DIR)/CollectionViews.app/CollectionViews";
			};
			name = Debug;
		};
		370C2A6724A23D40009AC863 /* Release */ = {
			isa = XCBuildConfiguration;
			buildSettings = {
				ALWAYS_EMBED_SWIFT_STANDARD_LIBRARIES = YES;
				BUNDLE_LOADER = "$(TEST_HOST)";
				CODE_SIGN_STYLE = Automatic;
				DEVELOPMENT_TEAM = 8PF4PD98CF;
				INFOPLIST_FILE = CollectionViewsTests/Info.plist;
				IPHONEOS_DEPLOYMENT_TARGET = 13.5;
				LD_RUNPATH_SEARCH_PATHS = (
					"$(inherited)",
					"@executable_path/Frameworks",
					"@loader_path/Frameworks",
				);
				PRODUCT_BUNDLE_IDENTIFIER = com.paradabeltran.CollectionViewsTests;
				PRODUCT_NAME = "$(TARGET_NAME)";
				SWIFT_VERSION = 5.0;
				TARGETED_DEVICE_FAMILY = "1,2";
				TEST_HOST = "$(BUILT_PRODUCTS_DIR)/CollectionViews.app/CollectionViews";
			};
			name = Release;
		};
		370C2A6924A23D40009AC863 /* Debug */ = {
			isa = XCBuildConfiguration;
			buildSettings = {
				ALWAYS_EMBED_SWIFT_STANDARD_LIBRARIES = YES;
				CODE_SIGN_STYLE = Automatic;
				DEVELOPMENT_TEAM = 8PF4PD98CF;
				INFOPLIST_FILE = CollectionViewsUITests/Info.plist;
				LD_RUNPATH_SEARCH_PATHS = (
					"$(inherited)",
					"@executable_path/Frameworks",
					"@loader_path/Frameworks",
				);
				PRODUCT_BUNDLE_IDENTIFIER = com.paradabeltran.CollectionViewsUITests;
				PRODUCT_NAME = "$(TARGET_NAME)";
				SWIFT_VERSION = 5.0;
				TARGETED_DEVICE_FAMILY = "1,2";
				TEST_TARGET_NAME = CollectionViews;
			};
			name = Debug;
		};
		370C2A6A24A23D40009AC863 /* Release */ = {
			isa = XCBuildConfiguration;
			buildSettings = {
				ALWAYS_EMBED_SWIFT_STANDARD_LIBRARIES = YES;
				CODE_SIGN_STYLE = Automatic;
				DEVELOPMENT_TEAM = 8PF4PD98CF;
				INFOPLIST_FILE = CollectionViewsUITests/Info.plist;
				LD_RUNPATH_SEARCH_PATHS = (
					"$(inherited)",
					"@executable_path/Frameworks",
					"@loader_path/Frameworks",
				);
				PRODUCT_BUNDLE_IDENTIFIER = com.paradabeltran.CollectionViewsUITests;
				PRODUCT_NAME = "$(TARGET_NAME)";
				SWIFT_VERSION = 5.0;
				TARGETED_DEVICE_FAMILY = "1,2";
				TEST_TARGET_NAME = CollectionViews;
			};
			name = Release;
		};
/* End XCBuildConfiguration section */

/* Begin XCConfigurationList section */
		370C2A3324A23D3F009AC863 /* Build configuration list for PBXProject "CollectionViews" */ = {
			isa = XCConfigurationList;
			buildConfigurations = (
				370C2A6024A23D40009AC863 /* Debug */,
				370C2A6124A23D40009AC863 /* Release */,
			);
			defaultConfigurationIsVisible = 0;
			defaultConfigurationName = Release;
		};
		370C2A6224A23D40009AC863 /* Build configuration list for PBXNativeTarget "CollectionViews" */ = {
			isa = XCConfigurationList;
			buildConfigurations = (
				370C2A6324A23D40009AC863 /* Debug */,
				370C2A6424A23D40009AC863 /* Release */,
			);
			defaultConfigurationIsVisible = 0;
			defaultConfigurationName = Release;
		};
		370C2A6524A23D40009AC863 /* Build configuration list for PBXNativeTarget "CollectionViewsTests" */ = {
			isa = XCConfigurationList;
			buildConfigurations = (
				370C2A6624A23D40009AC863 /* Debug */,
				370C2A6724A23D40009AC863 /* Release */,
			);
			defaultConfigurationIsVisible = 0;
			defaultConfigurationName = Release;
		};
		370C2A6824A23D40009AC863 /* Build configuration list for PBXNativeTarget "CollectionViewsUITests" */ = {
			isa = XCConfigurationList;
			buildConfigurations = (
				370C2A6924A23D40009AC863 /* Debug */,
				370C2A6A24A23D40009AC863 /* Release */,
			);
			defaultConfigurationIsVisible = 0;
			defaultConfigurationName = Release;
		};
/* End XCConfigurationList section */
	};
	rootObject = 370C2A3024A23D3F009AC863 /* Project object */;
}
